
Microsoft Visual Studio Solution File, Format Version 12.00
# Visual Studio Version 17
VisualStudioVersion = 17.11.35208.52
MinimumVisualStudioVersion = 10.0.40219.1
Project("{2150E333-8FDC-42A3-9474-1A3956D46DE8}") = "Solution Items", "Solution Items", "{A6A9C111-EBFB-456E-8370-1FCC36985D2E}"
	ProjectSection(SolutionItems) = preProject
		README.md = README.md
	EndProjectSection
EndProject
Project("{FAE04EC0-301F-11D3-BF4B-00C04F79EFBC}") = "LearnTrack.API", "LearnTrack.API\LearnTrack.API.csproj", "{7DFE6BB3-3DD8-8411-4ECA-1C19756CE1E7}"
EndProject
Project("{FAE04EC0-301F-11D3-BF4B-00C04F79EFBC}") = "LearnTrack.Application", "LearnTrack.Application\LearnTrack.Application.csproj", "{249BEC32-03F9-F97E-E9DA-3D2CE329B791}"
EndProject
Project("{FAE04EC0-301F-11D3-BF4B-00C04F79EFBC}") = "LearnTrack.Domain", "LearnTrack.Domain\LearnTrack.Domain.csproj", "{5A42E40A-3F67-68B3-DDA9-ACE3F7D01916}"
EndProject
Project("{FAE04EC0-301F-11D3-BF4B-00C04F79EFBC}") = "LearnTrack.Infrastructure", "LearnTrack.Infrastructure\LearnTrack.Infrastructure.csproj", "{5C70E708-3703-DFB9-1CE0-6693240ED49F}"
EndProject
Project("{FAE04EC0-301F-11D3-BF4B-00C04F79EFBC}") = "LearnTrack.Tests", "LearnTrack.Tests\LearnTrack.Tests.csproj", "{7DF83A54-A219-1631-7929-C195648E0D36}"
EndProject
Global
	GlobalSection(SolutionConfigurationPlatforms) = preSolution
		Debug|Any CPU = Debug|Any CPU
		Release|Any CPU = Release|Any CPU
	EndGlobalSection
	GlobalSection(ProjectConfigurationPlatforms) = postSolution
		{7DFE6BB3-3DD8-8411-4ECA-1C19756CE1E7}.Debug|Any CPU.ActiveCfg = Debug|Any CPU
		{7DFE6BB3-3DD8-8411-4ECA-1C19756CE1E7}.Debug|Any CPU.Build.0 = Debug|Any CPU
		{7DFE6BB3-3DD8-8411-4ECA-1C19756CE1E7}.Release|Any CPU.ActiveCfg = Release|Any CPU
		{7DFE6BB3-3DD8-8411-4ECA-1C19756CE1E7}.Release|Any CPU.Build.0 = Release|Any CPU
		{249BEC32-03F9-F97E-E9DA-3D2CE329B791}.Debug|Any CPU.ActiveCfg = Debug|Any CPU
		{249BEC32-03F9-F97E-E9DA-3D2CE329B791}.Debug|Any CPU.Build.0 = Debug|Any CPU
		{249BEC32-03F9-F97E-E9DA-3D2CE329B791}.Release|Any CPU.ActiveCfg = Release|Any CPU
		{249BEC32-03F9-F97E-E9DA-3D2CE329B791}.Release|Any CPU.Build.0 = Release|Any CPU
		{5A42E40A-3F67-68B3-DDA9-ACE3F7D01916}.Debug|Any CPU.ActiveCfg = Debug|Any CPU
		{5A42E40A-3F67-68B3-DDA9-ACE3F7D01916}.Debug|Any CPU.Build.0 = Debug|Any CPU
		{5A42E40A-3F67-68B3-DDA9-ACE3F7D01916}.Release|Any CPU.ActiveCfg = Release|Any CPU
		{5A42E40A-3F67-68B3-DDA9-ACE3F7D01916}.Release|Any CPU.Build.0 = Release|Any CPU
		{5C70E708-3703-DFB9-1CE0-6693240ED49F}.Debug|Any CPU.ActiveCfg = Debug|Any CPU
		{5C70E708-3703-DFB9-1CE0-6693240ED49F}.Debug|Any CPU.Build.0 = Debug|Any CPU
		{5C70E708-3703-DFB9-1CE0-6693240ED49F}.Release|Any CPU.ActiveCfg = Release|Any CPU
		{5C70E708-3703-DFB9-1CE0-6693240ED49F}.Release|Any CPU.Build.0 = Release|Any CPU
		{7DF83A54-A219-1631-7929-C195648E0D36}.Debug|Any CPU.ActiveCfg = Debug|Any CPU
		{7DF83A54-A219-1631-7929-C195648E0D36}.Debug|Any CPU.Build.0 = Debug|Any CPU
		{7DF83A54-A219-1631-7929-C195648E0D36}.Release|Any CPU.ActiveCfg = Release|Any CPU
		{7DF83A54-A219-1631-7929-C195648E0D36}.Release|Any CPU.Build.0 = Release|Any CPU
	EndGlobalSection
	GlobalSection(SolutionProperties) = preSolution
		HideSolutionNode = FALSE
	EndGlobalSection
	GlobalSection(ExtensibilityGlobals) = postSolution
		SolutionGuid = {17F2E47F-6479-44D9-A320-2746A6397046}
	EndGlobalSection
EndGlobal
